
Microsoft Visual Studio Solution File, Format Version 12.00
# Visual Studio Version 16
VisualStudioVersion = 16.0.29613.14
MinimumVisualStudioVersion = 10.0.40219.1
Project("{FAE04EC0-301F-11D3-BF4B-00C04F79EFBC}") = "SpinForLife", "SpinForLife\SpinForLife.csproj", "{BA47D335-9BA1-427D-872B-BF9CF120D31A}"
EndProject
Global
	GlobalSection(SolutionConfigurationPlatforms) = preSolution
		Debug|Any CPU = Debug|Any CPU
		Release|Any CPU = Release|Any CPU
	EndGlobalSection
	GlobalSection(ProjectConfigurationPlatforms) = postSolution
		{BA47D335-9BA1-427D-872B-BF9CF120D31A}.Debug|Any CPU.ActiveCfg = Debug|Any CPU
		{BA47D335-9BA1-427D-872B-BF9CF120D31A}.Debug|Any CPU.Build.0 = Debug|Any CPU
		{BA47D335-9BA1-427D-872B-BF9CF120D31A}.Release|Any CPU.ActiveCfg = Release|Any CPU
		{BA47D335-9BA1-427D-872B-BF9CF120D31A}.Release|Any CPU.Build.0 = Release|Any CPU
	EndGlobalSection
	GlobalSection(SolutionProperties) = preSolution
		HideSolutionNode = FALSE
	EndGlobalSection
	GlobalSection(ExtensibilityGlobals) = postSolution
		SolutionGuid = {A880EA46-9148-4594-94ED-468C61650384}
	EndGlobalSection
EndGlobal
